
Microsoft Visual Studio Solution File, Format Version 12.00
Project("{FAE04EC0-301F-11D3-BF4B-00C04F79EFBC}") = "RedBinder.Web", "RedBinder.Web\RedBinder.Web.csproj", "{270F0467-5D36-40B0-A71F-78CAB9B767A0}"
EndProject
Project("{FAE04EC0-301F-11D3-BF4B-00C04F79EFBC}") = "RedBinder.Domain", "RedBinder.Domain\RedBinder.Domain.csproj", "{B728954A-1B08-4611-91F7-486766C9C94C}"
EndProject
Project("{FAE04EC0-301F-11D3-BF4B-00C04F79EFBC}") = "RedBinder.Console", "RedBinder.Console\RedBinder.Console.csproj", "{8C35206F-BD68-4502-B421-DAF0A82D8A63}"
EndProject
Project("{FAE04EC0-301F-11D3-BF4B-00C04F79EFBC}") = "RedBinder.Infrastructure", "RedBinder.Infrastructure\RedBinder.Infrastructure.csproj", "{1E3F73FB-E173-4A6A-B082-2DC221F284B5}"
EndProject
Project("{2150E333-8FDC-42A3-9474-1A3956D46DE8}") = "Tests", "Tests", "{8FA23E54-3678-475E-AFEA-9E68DFAAFEDC}"
EndProject
Project("{FAE04EC0-301F-11D3-BF4B-00C04F79EFBC}") = "RedBinder.Application.Tests", "RedBinder.Application.Tests\RedBinder.Application.Tests.csproj", "{D16C4C1B-5C88-4D1E-9FD0-1830888ABD77}"
EndProject
Project("{FAE04EC0-301F-11D3-BF4B-00C04F79EFBC}") = "RedBinder.Application", "RedBinder.Application\RedBinder.Application.csproj", "{14D2A1A1-6462-4706-8B56-316327DF857C}"
EndProject
Global
	GlobalSection(SolutionConfigurationPlatforms) = preSolution
		Debug|Any CPU = Debug|Any CPU
		Release|Any CPU = Release|Any CPU
	EndGlobalSection
	GlobalSection(ProjectConfigurationPlatforms) = postSolution
		{270F0467-5D36-40B0-A71F-78CAB9B767A0}.Debug|Any CPU.ActiveCfg = Debug|Any CPU
		{270F0467-5D36-40B0-A71F-78CAB9B767A0}.Debug|Any CPU.Build.0 = Debug|Any CPU
		{270F0467-5D36-40B0-A71F-78CAB9B767A0}.Release|Any CPU.ActiveCfg = Release|Any CPU
		{270F0467-5D36-40B0-A71F-78CAB9B767A0}.Release|Any CPU.Build.0 = Release|Any CPU
		{B728954A-1B08-4611-91F7-486766C9C94C}.Debug|Any CPU.ActiveCfg = Debug|Any CPU
		{B728954A-1B08-4611-91F7-486766C9C94C}.Debug|Any CPU.Build.0 = Debug|Any CPU
		{B728954A-1B08-4611-91F7-486766C9C94C}.Release|Any CPU.ActiveCfg = Release|Any CPU
		{B728954A-1B08-4611-91F7-486766C9C94C}.Release|Any CPU.Build.0 = Release|Any CPU
		{8C35206F-BD68-4502-B421-DAF0A82D8A63}.Debug|Any CPU.ActiveCfg = Debug|Any CPU
		{8C35206F-BD68-4502-B421-DAF0A82D8A63}.Debug|Any CPU.Build.0 = Debug|Any CPU
		{8C35206F-BD68-4502-B421-DAF0A82D8A63}.Release|Any CPU.ActiveCfg = Release|Any CPU
		{8C35206F-BD68-4502-B421-DAF0A82D8A63}.Release|Any CPU.Build.0 = Release|Any CPU
		{1E3F73FB-E173-4A6A-B082-2DC221F284B5}.Debug|Any CPU.ActiveCfg = Debug|Any CPU
		{1E3F73FB-E173-4A6A-B082-2DC221F284B5}.Debug|Any CPU.Build.0 = Debug|Any CPU
		{1E3F73FB-E173-4A6A-B082-2DC221F284B5}.Release|Any CPU.ActiveCfg = Release|Any CPU
		{1E3F73FB-E173-4A6A-B082-2DC221F284B5}.Release|Any CPU.Build.0 = Release|Any CPU
		{D16C4C1B-5C88-4D1E-9FD0-1830888ABD77}.Debug|Any CPU.ActiveCfg = Debug|Any CPU
		{D16C4C1B-5C88-4D1E-9FD0-1830888ABD77}.Debug|Any CPU.Build.0 = Debug|Any CPU
		{D16C4C1B-5C88-4D1E-9FD0-1830888ABD77}.Release|Any CPU.ActiveCfg = Release|Any CPU
		{D16C4C1B-5C88-4D1E-9FD0-1830888ABD77}.Release|Any CPU.Build.0 = Release|Any CPU
		{14D2A1A1-6462-4706-8B56-316327DF857C}.Debug|Any CPU.ActiveCfg = Debug|Any CPU
		{14D2A1A1-6462-4706-8B56-316327DF857C}.Debug|Any CPU.Build.0 = Debug|Any CPU
		{14D2A1A1-6462-4706-8B56-316327DF857C}.Release|Any CPU.ActiveCfg = Release|Any CPU
		{14D2A1A1-6462-4706-8B56-316327DF857C}.Release|Any CPU.Build.0 = Release|Any CPU
	EndGlobalSection
	GlobalSection(NestedProjects) = preSolution
		{D16C4C1B-5C88-4D1E-9FD0-1830888ABD77} = {8FA23E54-3678-475E-AFEA-9E68DFAAFEDC}
	EndGlobalSection
EndGlobal
